
Microsoft Visual Studio Solution File, Format Version 12.00
# Visual Studio 15
VisualStudioVersion = 15.0.28307.329
MinimumVisualStudioVersion = 10.0.40219.1
Project("{FAE04EC0-301F-11D3-BF4B-00C04F79EFBC}") = "Training7", "Training7\Training7.csproj", "{0409CE12-21E7-4364-8BC2-B5A46A588CB1}"
EndProject
Global
	GlobalSection(SolutionConfigurationPlatforms) = preSolution
		Debug|Any CPU = Debug|Any CPU
		Release|Any CPU = Release|Any CPU
	EndGlobalSection
	GlobalSection(ProjectConfigurationPlatforms) = postSolution
		{0409CE12-21E7-4364-8BC2-B5A46A588CB1}.Debug|Any CPU.ActiveCfg = Debug|Any CPU
		{0409CE12-21E7-4364-8BC2-B5A46A588CB1}.Debug|Any CPU.Build.0 = Debug|Any CPU
		{0409CE12-21E7-4364-8BC2-B5A46A588CB1}.Release|Any CPU.ActiveCfg = Release|Any CPU
		{0409CE12-21E7-4364-8BC2-B5A46A588CB1}.Release|Any CPU.Build.0 = Release|Any CPU
	EndGlobalSection
	GlobalSection(SolutionProperties) = preSolution
		HideSolutionNode = FALSE
	EndGlobalSection
	GlobalSection(ExtensibilityGlobals) = postSolution
		SolutionGuid = {F0AE2E2C-F91F-47A9-97E2-1232E613A282}
	EndGlobalSection
EndGlobal
